PODS:
  - Masonry (1.1.0)
  - MBProgressHUD (1.2.0)
  - MJExtension (3.2.4)
  - SDWebImage (5.10.2):
    - SDWebImage/Core (= 5.10.2)
  - SDWebImage/Core (5.10.2)

DEPENDENCIES:
  - Masonry
  - MBProgressHUD
  - MJExtension
  - SDWebImage

SPEC REPOS:
  trunk:
    - Masonry
    - MBProgressHUD
    - MJExtension
    - SDWebImage

SPEC CHECKSUMS:
  Masonry: 678fab65091a9290e40e2832a55e7ab731aad201
  MBProgressHUD: 3ee5efcc380f6a79a7cc9b363dd669c5e1ae7406
  MJExtension: 88e0900751b6cac8de1cf724ca9838a0b28d5acb
  SDWebImage: b969dcfc02c40a5da71eac0b03b8f1a0c794a86f

PODFILE CHECKSUM: 846b0f5ee9b85eb5cf4ebe51f37cf2d586e893f7

COCOAPODS: 1.10.1
