// !$*UTF8*$!
{
	archiveVersion = 1;
	classes = {
	};
	objectVersion = 51;
	objects = {

/* Begin PBXBuildFile section */
		5BC6BCF63213B42A7AAD749C /* Pods_ViewDemos_ViewDemosUITests.framework in Frameworks */ = {isa = PBXBuildFile; fileRef = 81FAA7BE19321A0F9C114891 /* Pods_ViewDemos_ViewDemosUITests.framework */; };
		9A1F7F1125B9668C0038146E /* CGExtensions.h in Sources */ = {isa = PBXBuildFile; fileRef = 9A1F7F1025B9668C0038146E /* CGExtensions.h */; };
		9A1F7F1625B966C70038146E /* SMMCategories.h in Sources */ = {isa = PBXBuildFile; fileRef = 9A1F7F1525B966C70038146E /* SMMCategories.h */; };
		9A1F7F2C25B96BE00038146E /* SYPopSearchView.m in Sources */ = {isa = PBXBuildFile; fileRef = 9A1F7F2B25B96BE00038146E /* SYPopSearchView.m */; };
		9A476EBF25B81A40004C9B3F /* AppDelegate.m in Sources */ = {isa = PBXBuildFile; fileRef = 9A476EBE25B81A40004C9B3F /* AppDelegate.m */; };
		9A476EC225B81A40004C9B3F /* SceneDelegate.m in Sources */ = {isa = PBXBuildFile; fileRef = 9A476EC125B81A40004C9B3F /* SceneDelegate.m */; };
		9A476EC525B81A40004C9B3F /* ViewController.m in Sources */ = {isa = PBXBuildFile; fileRef = 9A476EC425B81A40004C9B3F /* ViewController.m */; };
		9A476EC825B81A40004C9B3F /* Main.storyboard in Resources */ = {isa = PBXBuildFile; fileRef = 9A476EC625B81A40004C9B3F /* Main.storyboard */; };
		9A476ECA25B81A56004C9B3F /* Assets.xcassets in Resources */ = {isa = PBXBuildFile; fileRef = 9A476EC925B81A56004C9B3F /* Assets.xcassets */; };
		9A476ECD25B81A56004C9B3F /* LaunchScreen.storyboard in Resources */ = {isa = PBXBuildFile; fileRef = 9A476ECB25B81A56004C9B3F /* LaunchScreen.storyboard */; };
		9A476ED025B81A56004C9B3F /* main.m in Sources */ = {isa = PBXBuildFile; fileRef = 9A476ECF25B81A56004C9B3F /* main.m */; };
		9A476EDA25B81A57004C9B3F /* ViewDemosTests.m in Sources */ = {isa = PBXBuildFile; fileRef = 9A476ED925B81A57004C9B3F /* ViewDemosTests.m */; };
		9A476EE525B81A57004C9B3F /* ViewDemosUITests.m in Sources */ = {isa = PBXBuildFile; fileRef = 9A476EE425B81A57004C9B3F /* ViewDemosUITests.m */; };
		9A476EF725B81C06004C9B3F /* SYUserInfoEditPopView.m in Sources */ = {isa = PBXBuildFile; fileRef = 9A476EF625B81C06004C9B3F /* SYUserInfoEditPopView.m */; };
		9A476F0625B82050004C9B3F /* cities.json in Resources */ = {isa = PBXBuildFile; fileRef = 9A476F0325B8204F004C9B3F /* cities.json */; };
		9A476F0725B82050004C9B3F /* professions.json in Resources */ = {isa = PBXBuildFile; fileRef = 9A476F0425B8204F004C9B3F /* professions.json */; };
		9A476F0825B82050004C9B3F /* universities.json in Resources */ = {isa = PBXBuildFile; fileRef = 9A476F0525B82050004C9B3F /* universities.json */; };
		9A476F1425B829C3004C9B3F /* SYLocalJSONManager.m in Sources */ = {isa = PBXBuildFile; fileRef = 9A476F1325B829C3004C9B3F /* SYLocalJSONManager.m */; };
		9A476F1E25B829F3004C9B3F /* UIScreen+EasyMethods.m in Sources */ = {isa = PBXBuildFile; fileRef = 9A476F1D25B829F3004C9B3F /* UIScreen+EasyMethods.m */; };
		9A476F2425B82A3D004C9B3F /* UIColor+EasyMethods.m in Sources */ = {isa = PBXBuildFile; fileRef = 9A476F2325B82A3D004C9B3F /* UIColor+EasyMethods.m */; };
		9A476F2E25B82BD8004C9B3F /* DFCityBaseModel.m in Sources */ = {isa = PBXBuildFile; fileRef = 9A476F2C25B82BD8004C9B3F /* DFCityBaseModel.m */; };
		9A476F2F25B82BD8004C9B3F /* DFCityCityModel.m in Sources */ = {isa = PBXBuildFile; fileRef = 9A476F2D25B82BD8004C9B3F /* DFCityCityModel.m */; };
		9A476F3C25B82C5D004C9B3F /* DFProfBaseModel.m in Sources */ = {isa = PBXBuildFile; fileRef = 9A476F3A25B82C5D004C9B3F /* DFProfBaseModel.m */; };
		9A476F3D25B82C5D004C9B3F /* DFProfModel.m in Sources */ = {isa = PBXBuildFile; fileRef = 9A476F3B25B82C5D004C9B3F /* DFProfModel.m */; };
		9A476F4825B82CFB004C9B3F /* DFUniversityBaseModel.m in Sources */ = {isa = PBXBuildFile; fileRef = 9A476F4625B82CFB004C9B3F /* DFUniversityBaseModel.m */; };
		9A5A43FA25BA7FBF002FCC08 /* UIView+EasyMethods.m in Sources */ = {isa = PBXBuildFile; fileRef = 9A5A43F925BA7FBF002FCC08 /* UIView+EasyMethods.m */; };
		9A5A440025BAA6E1002FCC08 /* SYUserInfoSelectPopView.m in Sources */ = {isa = PBXBuildFile; fileRef = 9A5A43FF25BAA6E1002FCC08 /* SYUserInfoSelectPopView.m */; };
		9A5A440825BAA867002FCC08 /* KXWgGameResultShareView.m in Sources */ = {isa = PBXBuildFile; fileRef = 9A5A440525BAA867002FCC08 /* KXWgGameResultShareView.m */; };
		9A5A440925BAA867002FCC08 /* KXWgGameResultView.m in Sources */ = {isa = PBXBuildFile; fileRef = 9A5A440725BAA867002FCC08 /* KXWgGameResultView.m */; };
		9A5A441525BAA8F8002FCC08 /* NSArray+EasyMethods.m in Sources */ = {isa = PBXBuildFile; fileRef = 9A5A441125BAA8F8002FCC08 /* NSArray+EasyMethods.m */; };
		9A5A441625BAA8F8002FCC08 /* UIView+ViewSnap.m in Sources */ = {isa = PBXBuildFile; fileRef = 9A5A441425BAA8F8002FCC08 /* UIView+ViewSnap.m */; };
		9A5A442525BAAB1C002FCC08 /* KXHomeRecommendedView.m in Sources */ = {isa = PBXBuildFile; fileRef = 9A5A442425BAAB1C002FCC08 /* KXHomeRecommendedView.m */; };
		9A5A442B25BAAB3D002FCC08 /* KXHomeNewComerGiftsView.m in Sources */ = {isa = PBXBuildFile; fileRef = 9A5A442925BAAB3C002FCC08 /* KXHomeNewComerGiftsView.m */; };
		9A9C7D7E25BAC344004780F7 /* SYUserInfoBasePopView.m in Sources */ = {isa = PBXBuildFile; fileRef = 9A9C7D7D25BAC344004780F7 /* SYUserInfoBasePopView.m */; };
		9A9C7DA025BB0703004780F7 /* UserInfoPersonalTagsViewCtrl.m in Sources */ = {isa = PBXBuildFile; fileRef = 9A9C7D9F25BB0703004780F7 /* UserInfoPersonalTagsViewCtrl.m */; };
		EBA479D32589C0A308207FBA /* Pods_ViewDemosTests.framework in Frameworks */ = {isa = PBXBuildFile; fileRef = 632D2DE19D4C92306C1CFFDC /* Pods_ViewDemosTests.framework */; };
		F55E6C845D8A368BED12682D /* Pods_ViewDemos.framework in Frameworks */ = {isa = PBXBuildFile; fileRef = 99931EF36E785AC8AA89ABA8 /* Pods_ViewDemos.framework */; };
/* End PBXBuildFile section */

/* Begin PBXContainerItemProxy section */
		9A476ED625B81A57004C9B3F /* PBXContainerItemProxy */ = {
			isa = PBXContainerItemProxy;
			containerPortal = 9A476EB225B81A40004C9B3F /* Project object */;
			proxyType = 1;
			remoteGlobalIDString = 9A476EB925B81A40004C9B3F;
			remoteInfo = ViewDemos;
		};
		9A476EE125B81A57004C9B3F /* PBXContainerItemProxy */ = {
			isa = PBXContainerItemProxy;
			containerPortal = 9A476EB225B81A40004C9B3F /* Project object */;
			proxyType = 1;
			remoteGlobalIDString = 9A476EB925B81A40004C9B3F;
			remoteInfo = ViewDemos;
		};
/* End PBXContainerItemProxy section */

/* Begin PBXFileReference section */
		27D8CE791A528952D47D2954 /* Pods-ViewDemos-ViewDemosUITests.debug.xcconfig */ = {isa = PBXFileReference; includeInIndex = 1; lastKnownFileType = text.xcconfig; name = "Pods-ViewDemos-ViewDemosUITests.debug.xcconfig"; path = "Target Support Files/Pods-ViewDemos-ViewDemosUITests/Pods-ViewDemos-ViewDemosUITests.debug.xcconfig"; sourceTree = "<group>"; };
		2A1A08CABF42F36C6B215412 /* Pods-ViewDemosTests.debug.xcconfig */ = {isa = PBXFileReference; includeInIndex = 1; lastKnownFileType = text.xcconfig; name = "Pods-ViewDemosTests.debug.xcconfig"; path = "Target Support Files/Pods-ViewDemosTests/Pods-ViewDemosTests.debug.xcconfig"; sourceTree = "<group>"; };
		632D2DE19D4C92306C1CFFDC /* Pods_ViewDemosTests.framework */ = {isa = PBXFileReference; explicitFileType = wrapper.framework; includeInIndex = 0; path = Pods_ViewDemosTests.framework; sourceTree = BUILT_PRODUCTS_DIR; };
		81FAA7BE19321A0F9C114891 /* Pods_ViewDemos_ViewDemosUITests.framework */ = {isa = PBXFileReference; explicitFileType = wrapper.framework; includeInIndex = 0; path = Pods_ViewDemos_ViewDemosUITests.framework; sourceTree = BUILT_PRODUCTS_DIR; };
		8E83C6A687CAE9DB7BDBD204 /* Pods-ViewDemos-ViewDemosUITests.release.xcconfig */ = {isa = PBXFileReference; includeInIndex = 1; lastKnownFileType = text.xcconfig; name = "Pods-ViewDemos-ViewDemosUITests.release.xcconfig"; path = "Target Support Files/Pods-ViewDemos-ViewDemosUITests/Pods-ViewDemos-ViewDemosUITests.release.xcconfig"; sourceTree = "<group>"; };
		9685AD8916F7D416B6D784A2 /* Pods-ViewDemos.release.xcconfig */ = {isa = PBXFileReference; includeInIndex = 1; lastKnownFileType = text.xcconfig; name = "Pods-ViewDemos.release.xcconfig"; path = "Target Support Files/Pods-ViewDemos/Pods-ViewDemos.release.xcconfig"; sourceTree = "<group>"; };
		99931EF36E785AC8AA89ABA8 /* Pods_ViewDemos.framework */ = {isa = PBXFileReference; explicitFileType = wrapper.framework; includeInIndex = 0; path = Pods_ViewDemos.framework; sourceTree = BUILT_PRODUCTS_DIR; };
		9A1F7F1025B9668C0038146E /* CGExtensions.h */ = {isa = PBXFileReference; lastKnownFileType = sourcecode.c.h; path = CGExtensions.h; sourceTree = "<group>"; };
		9A1F7F1525B966C70038146E /* SMMCategories.h */ = {isa = PBXFileReference; lastKnownFileType = sourcecode.c.h; path = SMMCategories.h; sourceTree = "<group>"; };
		9A1F7F2A25B96BE00038146E /* SYPopSearchView.h */ = {isa = PBXFileReference; lastKnownFileType = sourcecode.c.h; path = SYPopSearchView.h; sourceTree = "<group>"; };
		9A1F7F2B25B96BE00038146E /* SYPopSearchView.m */ = {isa = PBXFileReference; lastKnownFileType = sourcecode.c.objc; path = SYPopSearchView.m; sourceTree = "<group>"; };
		9A476EBA25B81A40004C9B3F /* ViewDemos.app */ = {isa = PBXFileReference; explicitFileType = wrapper.application; includeInIndex = 0; path = ViewDemos.app; sourceTree = BUILT_PRODUCTS_DIR; };
		9A476EBD25B81A40004C9B3F /* AppDelegate.h */ = {isa = PBXFileReference; lastKnownFileType = sourcecode.c.h; path = AppDelegate.h; sourceTree = "<group>"; };
		9A476EBE25B81A40004C9B3F /* AppDelegate.m */ = {isa = PBXFileReference; lastKnownFileType = sourcecode.c.objc; path = AppDelegate.m; sourceTree = "<group>"; };
		9A476EC025B81A40004C9B3F /* SceneDelegate.h */ = {isa = PBXFileReference; lastKnownFileType = sourcecode.c.h; path = SceneDelegate.h; sourceTree = "<group>"; };
		9A476EC125B81A40004C9B3F /* SceneDelegate.m */ = {isa = PBXFileReference; lastKnownFileType = sourcecode.c.objc; path = SceneDelegate.m; sourceTree = "<group>"; };
		9A476EC325B81A40004C9B3F /* ViewController.h */ = {isa = PBXFileReference; lastKnownFileType = sourcecode.c.h; path = ViewController.h; sourceTree = "<group>"; };
		9A476EC425B81A40004C9B3F /* ViewController.m */ = {isa = PBXFileReference; lastKnownFileType = sourcecode.c.objc; path = ViewController.m; sourceTree = "<group>"; };
		9A476EC725B81A40004C9B3F /* Base */ = {isa = PBXFileReference; lastKnownFileType = file.storyboard; name = Base; path = Base.lproj/Main.storyboard; sourceTree = "<group>"; };
		9A476EC925B81A56004C9B3F /* Assets.xcassets */ = {isa = PBXFileReference; lastKnownFileType = folder.assetcatalog; path = Assets.xcassets; sourceTree = "<group>"; };
		9A476ECC25B81A56004C9B3F /* Base */ = {isa = PBXFileReference; lastKnownFileType = file.storyboard; name = Base; path = Base.lproj/LaunchScreen.storyboard; sourceTree = "<group>"; };
		9A476ECE25B81A56004C9B3F /* Info.plist */ = {isa = PBXFileReference; lastKnownFileType = text.plist.xml; path = Info.plist; sourceTree = "<group>"; };
		9A476ECF25B81A56004C9B3F /* main.m */ = {isa = PBXFileReference; lastKnownFileType = sourcecode.c.objc; path = main.m; sourceTree = "<group>"; };
		9A476ED525B81A57004C9B3F /* ViewDemosTests.xctest */ = {isa = PBXFileReference; explicitFileType = wrapper.cfbundle; includeInIndex = 0; path = ViewDemosTests.xctest; sourceTree = BUILT_PRODUCTS_DIR; };
		9A476ED925B81A57004C9B3F /* ViewDemosTests.m */ = {isa = PBXFileReference; lastKnownFileType = sourcecode.c.objc; path = ViewDemosTests.m; sourceTree = "<group>"; };
		9A476EDB25B81A57004C9B3F /* Info.plist */ = {isa = PBXFileReference; lastKnownFileType = text.plist.xml; path = Info.plist; sourceTree = "<group>"; };
		9A476EE025B81A57004C9B3F /* ViewDemosUITests.xctest */ = {isa = PBXFileReference; explicitFileType = wrapper.cfbundle; includeInIndex = 0; path = ViewDemosUITests.xctest; sourceTree = BUILT_PRODUCTS_DIR; };
		9A476EE425B81A57004C9B3F /* ViewDemosUITests.m */ = {isa = PBXFileReference; lastKnownFileType = sourcecode.c.objc; path = ViewDemosUITests.m; sourceTree = "<group>"; };
		9A476EE625B81A57004C9B3F /* Info.plist */ = {isa = PBXFileReference; lastKnownFileType = text.plist.xml; path = Info.plist; sourceTree = "<group>"; };
		9A476EF525B81C06004C9B3F /* SYUserInfoEditPopView.h */ = {isa = PBXFileReference; lastKnownFileType = sourcecode.c.h; path = SYUserInfoEditPopView.h; sourceTree = "<group>"; };
		9A476EF625B81C06004C9B3F /* SYUserInfoEditPopView.m */ = {isa = PBXFileReference; lastKnownFileType = sourcecode.c.objc; path = SYUserInfoEditPopView.m; sourceTree = "<group>"; };
		9A476F0325B8204F004C9B3F /* cities.json */ = {isa = PBXFileReference; fileEncoding = 4; lastKnownFileType = text.json; path = cities.json; sourceTree = "<group>"; };
		9A476F0425B8204F004C9B3F /* professions.json */ = {isa = PBXFileReference; fileEncoding = 4; lastKnownFileType = text.json; path = professions.json; sourceTree = "<group>"; };
		9A476F0525B82050004C9B3F /* universities.json */ = {isa = PBXFileReference; fileEncoding = 4; lastKnownFileType = text.json; path = universities.json; sourceTree = "<group>"; };
		9A476F1225B829C3004C9B3F /* SYLocalJSONManager.h */ = {isa = PBXFileReference; lastKnownFileType = sourcecode.c.h; path = SYLocalJSONManager.h; sourceTree = "<group>"; };
		9A476F1325B829C3004C9B3F /* SYLocalJSONManager.m */ = {isa = PBXFileReference; lastKnownFileType = sourcecode.c.objc; path = SYLocalJSONManager.m; sourceTree = "<group>"; };
		9A476F1C25B829F3004C9B3F /* UIScreen+EasyMethods.h */ = {isa = PBXFileReference; lastKnownFileType = sourcecode.c.h; path = "UIScreen+EasyMethods.h"; sourceTree = "<group>"; };
		9A476F1D25B829F3004C9B3F /* UIScreen+EasyMethods.m */ = {isa = PBXFileReference; lastKnownFileType = sourcecode.c.objc; path = "UIScreen+EasyMethods.m"; sourceTree = "<group>"; };
		9A476F2225B82A3D004C9B3F /* UIColor+EasyMethods.h */ = {isa = PBXFileReference; lastKnownFileType = sourcecode.c.h; path = "UIColor+EasyMethods.h"; sourceTree = "<group>"; };
		9A476F2325B82A3D004C9B3F /* UIColor+EasyMethods.m */ = {isa = PBXFileReference; lastKnownFileType = sourcecode.c.objc; path = "UIColor+EasyMethods.m"; sourceTree = "<group>"; };
		9A476F2925B82BD8004C9B3F /* DFCityBaseModel.h */ = {isa = PBXFileReference; fileEncoding = 4; lastKnownFileType = sourcecode.c.h; path = DFCityBaseModel.h; sourceTree = "<group>"; };
		9A476F2A25B82BD8004C9B3F /* DFCityDataModels.h */ = {isa = PBXFileReference; fileEncoding = 4; lastKnownFileType = sourcecode.c.h; path = DFCityDataModels.h; sourceTree = "<group>"; };
		9A476F2B25B82BD8004C9B3F /* DFCityCityModel.h */ = {isa = PBXFileReference; fileEncoding = 4; lastKnownFileType = sourcecode.c.h; path = DFCityCityModel.h; sourceTree = "<group>"; };
		9A476F2C25B82BD8004C9B3F /* DFCityBaseModel.m */ = {isa = PBXFileReference; fileEncoding = 4; lastKnownFileType = sourcecode.c.objc; path = DFCityBaseModel.m; sourceTree = "<group>"; };
		9A476F2D25B82BD8004C9B3F /* DFCityCityModel.m */ = {isa = PBXFileReference; fileEncoding = 4; lastKnownFileType = sourcecode.c.objc; path = DFCityCityModel.m; sourceTree = "<group>"; };
		9A476F3725B82C5D004C9B3F /* DFProfDataModels.h */ = {isa = PBXFileReference; fileEncoding = 4; lastKnownFileType = sourcecode.c.h; path = DFProfDataModels.h; sourceTree = "<group>"; };
		9A476F3825B82C5D004C9B3F /* DFProfBaseModel.h */ = {isa = PBXFileReference; fileEncoding = 4; lastKnownFileType = sourcecode.c.h; path = DFProfBaseModel.h; sourceTree = "<group>"; };
		9A476F3925B82C5D004C9B3F /* DFProfModel.h */ = {isa = PBXFileReference; fileEncoding = 4; lastKnownFileType = sourcecode.c.h; path = DFProfModel.h; sourceTree = "<group>"; };
		9A476F3A25B82C5D004C9B3F /* DFProfBaseModel.m */ = {isa = PBXFileReference; fileEncoding = 4; lastKnownFileType = sourcecode.c.objc; path = DFProfBaseModel.m; sourceTree = "<group>"; };
		9A476F3B25B82C5D004C9B3F /* DFProfModel.m */ = {isa = PBXFileReference; fileEncoding = 4; lastKnownFileType = sourcecode.c.objc; path = DFProfModel.m; sourceTree = "<group>"; };
		9A476F4525B82CFB004C9B3F /* DFUniversityDataModels.h */ = {isa = PBXFileReference; fileEncoding = 4; lastKnownFileType = sourcecode.c.h; path = DFUniversityDataModels.h; sourceTree = "<group>"; };
		9A476F4625B82CFB004C9B3F /* DFUniversityBaseModel.m */ = {isa = PBXFileReference; fileEncoding = 4; lastKnownFileType = sourcecode.c.objc; path = DFUniversityBaseModel.m; sourceTree = "<group>"; };
		9A476F4725B82CFB004C9B3F /* DFUniversityBaseModel.h */ = {isa = PBXFileReference; fileEncoding = 4; lastKnownFileType = sourcecode.c.h; path = DFUniversityBaseModel.h; sourceTree = "<group>"; };
		9A5A43F825BA7FBF002FCC08 /* UIView+EasyMethods.h */ = {isa = PBXFileReference; lastKnownFileType = sourcecode.c.h; path = "UIView+EasyMethods.h"; sourceTree = "<group>"; };
		9A5A43F925BA7FBF002FCC08 /* UIView+EasyMethods.m */ = {isa = PBXFileReference; lastKnownFileType = sourcecode.c.objc; path = "UIView+EasyMethods.m"; sourceTree = "<group>"; };
		9A5A43FE25BAA6E1002FCC08 /* SYUserInfoSelectPopView.h */ = {isa = PBXFileReference; lastKnownFileType = sourcecode.c.h; path = SYUserInfoSelectPopView.h; sourceTree = "<group>"; };
		9A5A43FF25BAA6E1002FCC08 /* SYUserInfoSelectPopView.m */ = {isa = PBXFileReference; lastKnownFileType = sourcecode.c.objc; path = SYUserInfoSelectPopView.m; sourceTree = "<group>"; };
		9A5A440425BAA867002FCC08 /* KXWgGameResultView.h */ = {isa = PBXFileReference; fileEncoding = 4; lastKnownFileType = sourcecode.c.h; path = KXWgGameResultView.h; sourceTree = "<group>"; };
		9A5A440525BAA867002FCC08 /* KXWgGameResultShareView.m */ = {isa = PBXFileReference; fileEncoding = 4; lastKnownFileType = sourcecode.c.objc; path = KXWgGameResultShareView.m; sourceTree = "<group>"; };
		9A5A440625BAA867002FCC08 /* KXWgGameResultShareView.h */ = {isa = PBXFileReference; fileEncoding = 4; lastKnownFileType = sourcecode.c.h; path = KXWgGameResultShareView.h; sourceTree = "<group>"; };
		9A5A440725BAA867002FCC08 /* KXWgGameResultView.m */ = {isa = PBXFileReference; fileEncoding = 4; lastKnownFileType = sourcecode.c.objc; path = KXWgGameResultView.m; sourceTree = "<group>"; };
		9A5A441125BAA8F8002FCC08 /* NSArray+EasyMethods.m */ = {isa = PBXFileReference; fileEncoding = 4; lastKnownFileType = sourcecode.c.objc; path = "NSArray+EasyMethods.m"; sourceTree = "<group>"; };
		9A5A441225BAA8F8002FCC08 /* UIView+ViewSnap.h */ = {isa = PBXFileReference; fileEncoding = 4; lastKnownFileType = sourcecode.c.h; path = "UIView+ViewSnap.h"; sourceTree = "<group>"; };
		9A5A441325BAA8F8002FCC08 /* NSArray+EasyMethods.h */ = {isa = PBXFileReference; fileEncoding = 4; lastKnownFileType = sourcecode.c.h; path = "NSArray+EasyMethods.h"; sourceTree = "<group>"; };
		9A5A441425BAA8F8002FCC08 /* UIView+ViewSnap.m */ = {isa = PBXFileReference; fileEncoding = 4; lastKnownFileType = sourcecode.c.objc; path = "UIView+ViewSnap.m"; sourceTree = "<group>"; };
		9A5A442325BAAB1C002FCC08 /* KXHomeRecommendedView.h */ = {isa = PBXFileReference; fileEncoding = 4; lastKnownFileType = sourcecode.c.h; path = KXHomeRecommendedView.h; sourceTree = "<group>"; };
		9A5A442425BAAB1C002FCC08 /* KXHomeRecommendedView.m */ = {isa = PBXFileReference; fileEncoding = 4; lastKnownFileType = sourcecode.c.objc; path = KXHomeRecommendedView.m; sourceTree = "<group>"; };
		9A5A442925BAAB3C002FCC08 /* KXHomeNewComerGiftsView.m */ = {isa = PBXFileReference; fileEncoding = 4; lastKnownFileType = sourcecode.c.objc; path = KXHomeNewComerGiftsView.m; sourceTree = "<group>"; };
		9A5A442A25BAAB3D002FCC08 /* KXHomeNewComerGiftsView.h */ = {isa = PBXFileReference; fileEncoding = 4; lastKnownFileType = sourcecode.c.h; path = KXHomeNewComerGiftsView.h; sourceTree = "<group>"; };
		9A9C7D7C25BAC344004780F7 /* SYUserInfoBasePopView.h */ = {isa = PBXFileReference; lastKnownFileType = sourcecode.c.h; path = SYUserInfoBasePopView.h; sourceTree = "<group>"; };
		9A9C7D7D25BAC344004780F7 /* SYUserInfoBasePopView.m */ = {isa = PBXFileReference; lastKnownFileType = sourcecode.c.objc; path = SYUserInfoBasePopView.m; sourceTree = "<group>"; };
		9A9C7D9E25BB0703004780F7 /* UserInfoPersonalTagsViewCtrl.h */ = {isa = PBXFileReference; lastKnownFileType = sourcecode.c.h; path = UserInfoPersonalTagsViewCtrl.h; sourceTree = "<group>"; };
		9A9C7D9F25BB0703004780F7 /* UserInfoPersonalTagsViewCtrl.m */ = {isa = PBXFileReference; lastKnownFileType = sourcecode.c.objc; path = UserInfoPersonalTagsViewCtrl.m; sourceTree = "<group>"; };
		A93DE68ED4848BEEA6927952 /* Pods-ViewDemos.debug.xcconfig */ = {isa = PBXFileReference; includeInIndex = 1; lastKnownFileType = text.xcconfig; name = "Pods-ViewDemos.debug.xcconfig"; path = "Target Support Files/Pods-ViewDemos/Pods-ViewDemos.debug.xcconfig"; sourceTree = "<group>"; };
		D2C87AA8A387A3FD315A91A2 /* Pods-ViewDemosTests.release.xcconfig */ = {isa = PBXFileReference; includeInIndex = 1; lastKnownFileType = text.xcconfig; name = "Pods-ViewDemosTests.release.xcconfig"; path = "Target Support Files/Pods-ViewDemosTests/Pods-ViewDemosTests.release.xcconfig"; sourceTree = "<group>"; };
/* End PBXFileReference section */

/* Begin PBXFrameworksBuildPhase section */
		9A476EB725B81A40004C9B3F /* Frameworks */ = {
			isa = PBXFrameworksBuildPhase;
			buildActionMask = 2147483647;
			files = (
				F55E6C845D8A368BED12682D /* Pods_ViewDemos.framework in Frameworks */,
			);
			runOnlyForDeploymentPostprocessing = 0;
		};
		9A476ED225B81A57004C9B3F /* Frameworks */ = {
			isa = PBXFrameworksBuildPhase;
			buildActionMask = 2147483647;
			files = (
				EBA479D32589C0A308207FBA /* Pods_ViewDemosTests.framework in Frameworks */,
			);
			runOnlyForDeploymentPostprocessing = 0;
		};
		9A476EDD25B81A57004C9B3F /* Frameworks */ = {
			isa = PBXFrameworksBuildPhase;
			buildActionMask = 2147483647;
			files = (
				5BC6BCF63213B42A7AAD749C /* Pods_ViewDemos_ViewDemosUITests.framework in Frameworks */,
			);
			runOnlyForDeploymentPostprocessing = 0;
		};
/* End PBXFrameworksBuildPhase section */

/* Begin PBXGroup section */
		0A36A966B926D29503B83E2C /* Pods */ = {
			isa = PBXGroup;
			children = (
				A93DE68ED4848BEEA6927952 /* Pods-ViewDemos.debug.xcconfig */,
				9685AD8916F7D416B6D784A2 /* Pods-ViewDemos.release.xcconfig */,
				27D8CE791A528952D47D2954 /* Pods-ViewDemos-ViewDemosUITests.debug.xcconfig */,
				8E83C6A687CAE9DB7BDBD204 /* Pods-ViewDemos-ViewDemosUITests.release.xcconfig */,
				2A1A08CABF42F36C6B215412 /* Pods-ViewDemosTests.debug.xcconfig */,
				D2C87AA8A387A3FD315A91A2 /* Pods-ViewDemosTests.release.xcconfig */,
			);
			path = Pods;
			sourceTree = "<group>";
		};
		9A2E0B9325B8541C0043C942 /* Categories */ = {
			isa = PBXGroup;
			children = (
				9A1F7F1525B966C70038146E /* SMMCategories.h */,
				9A1F7F1025B9668C0038146E /* CGExtensions.h */,
				9A5A441325BAA8F8002FCC08 /* NSArray+EasyMethods.h */,
				9A5A441125BAA8F8002FCC08 /* NSArray+EasyMethods.m */,
				9A5A441225BAA8F8002FCC08 /* UIView+ViewSnap.h */,
				9A5A441425BAA8F8002FCC08 /* UIView+ViewSnap.m */,
				9A476F1C25B829F3004C9B3F /* UIScreen+EasyMethods.h */,
				9A476F1D25B829F3004C9B3F /* UIScreen+EasyMethods.m */,
				9A476F2225B82A3D004C9B3F /* UIColor+EasyMethods.h */,
				9A476F2325B82A3D004C9B3F /* UIColor+EasyMethods.m */,
				9A5A43F825BA7FBF002FCC08 /* UIView+EasyMethods.h */,
				9A5A43F925BA7FBF002FCC08 /* UIView+EasyMethods.m */,
			);
			path = Categories;
			sourceTree = "<group>";
		};
		9A2E0B9D25B854490043C942 /* LocalJSONDatas */ = {
			isa = PBXGroup;
			children = (
				9A476F0325B8204F004C9B3F /* cities.json */,
				9A476F0425B8204F004C9B3F /* professions.json */,
				9A476F0525B82050004C9B3F /* universities.json */,
			);
			path = LocalJSONDatas;
			sourceTree = "<group>";
		};
		9A2E0B9E25B8547A0043C942 /* UserInfoPopView */ = {
			isa = PBXGroup;
			children = (
				9A9C7D7C25BAC344004780F7 /* SYUserInfoBasePopView.h */,
				9A9C7D7D25BAC344004780F7 /* SYUserInfoBasePopView.m */,
				9A1F7F2A25B96BE00038146E /* SYPopSearchView.h */,
				9A1F7F2B25B96BE00038146E /* SYPopSearchView.m */,
				9A476EF525B81C06004C9B3F /* SYUserInfoEditPopView.h */,
				9A476EF625B81C06004C9B3F /* SYUserInfoEditPopView.m */,
				9A5A43FE25BAA6E1002FCC08 /* SYUserInfoSelectPopView.h */,
				9A5A43FF25BAA6E1002FCC08 /* SYUserInfoSelectPopView.m */,
				9A9C7D9E25BB0703004780F7 /* UserInfoPersonalTagsViewCtrl.h */,
				9A9C7D9F25BB0703004780F7 /* UserInfoPersonalTagsViewCtrl.m */,
			);
			path = UserInfoPopView;
			sourceTree = "<group>";
		};
		9A476EB125B81A40004C9B3F = {
			isa = PBXGroup;
			children = (
				9A476EBC25B81A40004C9B3F /* ViewDemos */,
				9A476ED825B81A57004C9B3F /* ViewDemosTests */,
				9A476EE325B81A57004C9B3F /* ViewDemosUITests */,
				9A476EBB25B81A40004C9B3F /* Products */,
				0A36A966B926D29503B83E2C /* Pods */,
				E91DD60CFDDC02B69DD1DEC9 /* Frameworks */,
			);
			sourceTree = "<group>";
		};
		9A476EBB25B81A40004C9B3F /* Products */ = {
			isa = PBXGroup;
			children = (
				9A476EBA25B81A40004C9B3F /* ViewDemos.app */,
				9A476ED525B81A57004C9B3F /* ViewDemosTests.xctest */,
				9A476EE025B81A57004C9B3F /* ViewDemosUITests.xctest */,
			);
			name = Products;
			sourceTree = "<group>";
		};
		9A476EBC25B81A40004C9B3F /* ViewDemos */ = {
			isa = PBXGroup;
			children = (
				9A2E0B9325B8541C0043C942 /* Categories */,
				9A476F1825B829CD004C9B3F /* Datas */,
				9A2E0B9E25B8547A0043C942 /* UserInfoPopView */,
				9A476EBD25B81A40004C9B3F /* AppDelegate.h */,
				9A476EBE25B81A40004C9B3F /* AppDelegate.m */,
				9A476EC025B81A40004C9B3F /* SceneDelegate.h */,
				9A476EC125B81A40004C9B3F /* SceneDelegate.m */,
				9A476EC325B81A40004C9B3F /* ViewController.h */,
				9A476EC425B81A40004C9B3F /* ViewController.m */,
				9A476EC625B81A40004C9B3F /* Main.storyboard */,
				9A476EC925B81A56004C9B3F /* Assets.xcassets */,
				9A9C7D9725BAFEF0004780F7 /* Archived */,
				9A476ECB25B81A56004C9B3F /* LaunchScreen.storyboard */,
				9A476ECE25B81A56004C9B3F /* Info.plist */,
				9A476ECF25B81A56004C9B3F /* main.m */,
			);
			path = ViewDemos;
			sourceTree = "<group>";
		};
		9A476ED825B81A57004C9B3F /* ViewDemosTests */ = {
			isa = PBXGroup;
			children = (
				9A476ED925B81A57004C9B3F /* ViewDemosTests.m */,
				9A476EDB25B81A57004C9B3F /* Info.plist */,
			);
			path = ViewDemosTests;
			sourceTree = "<group>";
		};
		9A476EE325B81A57004C9B3F /* ViewDemosUITests */ = {
			isa = PBXGroup;
			children = (
				9A476EE425B81A57004C9B3F /* ViewDemosUITests.m */,
				9A476EE625B81A57004C9B3F /* Info.plist */,
			);
			path = ViewDemosUITests;
			sourceTree = "<group>";
		};
		9A476F1825B829CD004C9B3F /* Datas */ = {
			isa = PBXGroup;
			children = (
				9A476F4425B82CFB004C9B3F /* DFUniverModels */,
				9A476F3625B82C5D004C9B3F /* DFProfModels */,
				9A476F2825B82BD8004C9B3F /* DFCityModel */,
				9A2E0B9D25B854490043C942 /* LocalJSONDatas */,
				9A476F1225B829C3004C9B3F /* SYLocalJSONManager.h */,
				9A476F1325B829C3004C9B3F /* SYLocalJSONManager.m */,
			);
			path = Datas;
			sourceTree = "<group>";
		};
		9A476F2825B82BD8004C9B3F /* DFCityModel */ = {
			isa = PBXGroup;
			children = (
				9A476F2A25B82BD8004C9B3F /* DFCityDataModels.h */,
				9A476F2925B82BD8004C9B3F /* DFCityBaseModel.h */,
				9A476F2C25B82BD8004C9B3F /* DFCityBaseModel.m */,
				9A476F2B25B82BD8004C9B3F /* DFCityCityModel.h */,
				9A476F2D25B82BD8004C9B3F /* DFCityCityModel.m */,
			);
			path = DFCityModel;
			sourceTree = "<group>";
		};
		9A476F3625B82C5D004C9B3F /* DFProfModels */ = {
			isa = PBXGroup;
			children = (
				9A476F3725B82C5D004C9B3F /* DFProfDataModels.h */,
				9A476F3825B82C5D004C9B3F /* DFProfBaseModel.h */,
				9A476F3A25B82C5D004C9B3F /* DFProfBaseModel.m */,
				9A476F3925B82C5D004C9B3F /* DFProfModel.h */,
				9A476F3B25B82C5D004C9B3F /* DFProfModel.m */,
			);
			path = DFProfModels;
			sourceTree = "<group>";
		};
		9A476F4425B82CFB004C9B3F /* DFUniverModels */ = {
			isa = PBXGroup;
			children = (
				9A476F4525B82CFB004C9B3F /* DFUniversityDataModels.h */,
				9A476F4725B82CFB004C9B3F /* DFUniversityBaseModel.h */,
				9A476F4625B82CFB004C9B3F /* DFUniversityBaseModel.m */,
			);
			path = DFUniverModels;
			sourceTree = "<group>";
		};
		9A5A440D25BAA884002FCC08 /* GameSettleView */ = {
			isa = PBXGroup;
			children = (
				9A5A440425BAA867002FCC08 /* KXWgGameResultView.h */,
				9A5A440725BAA867002FCC08 /* KXWgGameResultView.m */,
				9A5A440625BAA867002FCC08 /* KXWgGameResultShareView.h */,
				9A5A440525BAA867002FCC08 /* KXWgGameResultShareView.m */,
			);
			path = GameSettleView;
			sourceTree = "<group>";
		};
		9A5A442225BAAB1C002FCC08 /* RecommendedUsers */ = {
			isa = PBXGroup;
			children = (
				9A5A442A25BAAB3D002FCC08 /* KXHomeNewComerGiftsView.h */,
				9A5A442925BAAB3C002FCC08 /* KXHomeNewComerGiftsView.m */,
				9A5A442325BAAB1C002FCC08 /* KXHomeRecommendedView.h */,
				9A5A442425BAAB1C002FCC08 /* KXHomeRecommendedView.m */,
			);
			path = RecommendedUsers;
			sourceTree = "<group>";
		};
		9A9C7D9725BAFEF0004780F7 /* Archived */ = {
			isa = PBXGroup;
			children = (
				9A5A440D25BAA884002FCC08 /* GameSettleView */,
				9A5A442225BAAB1C002FCC08 /* RecommendedUsers */,
			);
			path = Archived;
			sourceTree = "<group>";
		};
		E91DD60CFDDC02B69DD1DEC9 /* Frameworks */ = {
			isa = PBXGroup;
			children = (
				99931EF36E785AC8AA89ABA8 /* Pods_ViewDemos.framework */,
				81FAA7BE19321A0F9C114891 /* Pods_ViewDemos_ViewDemosUITests.framework */,
				632D2DE19D4C92306C1CFFDC /* Pods_ViewDemosTests.framework */,
			);
			name = Frameworks;
			sourceTree = "<group>";
		};
/* End PBXGroup section */

/* Begin PBXNativeTarget section */
		9A476EB925B81A40004C9B3F /* ViewDemos */ = {
			isa = PBXNativeTarget;
			buildConfigurationList = 9A476EE925B81A57004C9B3F /* Build configuration list for PBXNativeTarget "ViewDemos" */;
			buildPhases = (
				333E1189667490A6A9AB946B /* [CP] Check Pods Manifest.lock */,
				9A476EB625B81A40004C9B3F /* Sources */,
				9A476EB725B81A40004C9B3F /* Frameworks */,
				9A476EB825B81A40004C9B3F /* Resources */,
				F1D7CC86A52227D986616370 /* [CP] Embed Pods Frameworks */,
			);
			buildRules = (
			);
			dependencies = (
			);
			name = ViewDemos;
			productName = ViewDemos;
			productReference = 9A476EBA25B81A40004C9B3F /* ViewDemos.app */;
			productType = "com.apple.product-type.application";
		};
		9A476ED425B81A57004C9B3F /* ViewDemosTests */ = {
			isa = PBXNativeTarget;
			buildConfigurationList = 9A476EEC25B81A57004C9B3F /* Build configuration list for PBXNativeTarget "ViewDemosTests" */;
			buildPhases = (
				235DFA54A21ED6AC6FA2166A /* [CP] Check Pods Manifest.lock */,
				9A476ED125B81A57004C9B3F /* Sources */,
				9A476ED225B81A57004C9B3F /* Frameworks */,
				9A476ED325B81A57004C9B3F /* Resources */,
			);
			buildRules = (
			);
			dependencies = (
				9A476ED725B81A57004C9B3F /* PBXTargetDependency */,
			);
			name = ViewDemosTests;
			productName = ViewDemosTests;
			productReference = 9A476ED525B81A57004C9B3F /* ViewDemosTests.xctest */;
			productType = "com.apple.product-type.bundle.unit-test";
		};
		9A476EDF25B81A57004C9B3F /* ViewDemosUITests */ = {
			isa = PBXNativeTarget;
			buildConfigurationList = 9A476EEF25B81A57004C9B3F /* Build configuration list for PBXNativeTarget "ViewDemosUITests" */;
			buildPhases = (
				327B16E59780154644E7759B /* [CP] Check Pods Manifest.lock */,
				9A476EDC25B81A57004C9B3F /* Sources */,
				9A476EDD25B81A57004C9B3F /* Frameworks */,
				9A476EDE25B81A57004C9B3F /* Resources */,
				8CE704AF976F2B224481005F /* [CP] Embed Pods Frameworks */,
			);
			buildRules = (
			);
			dependencies = (
				9A476EE225B81A57004C9B3F /* PBXTargetDependency */,
			);
			name = ViewDemosUITests;
			productName = ViewDemosUITests;
			productReference = 9A476EE025B81A57004C9B3F /* ViewDemosUITests.xctest */;
			productType = "com.apple.product-type.bundle.ui-testing";
		};
/* End PBXNativeTarget section */

/* Begin PBXProject section */
		9A476EB225B81A40004C9B3F /* Project object */ = {
			isa = PBXProject;
			attributes = {
				LastUpgradeCheck = 1230;
				TargetAttributes = {
					9A476EB925B81A40004C9B3F = {
						CreatedOnToolsVersion = 12.3;
					};
					9A476ED425B81A57004C9B3F = {
						CreatedOnToolsVersion = 12.3;
						TestTargetID = 9A476EB925B81A40004C9B3F;
					};
					9A476EDF25B81A57004C9B3F = {
						CreatedOnToolsVersion = 12.3;
						TestTargetID = 9A476EB925B81A40004C9B3F;
					};
				};
			};
			buildConfigurationList = 9A476EB525B81A40004C9B3F /* Build configuration list for PBXProject "ViewDemos" */;
			compatibilityVersion = "Xcode 9.3";
			developmentRegion = en;
			hasScannedForEncodings = 0;
			knownRegions = (
				en,
				Base,
			);
			mainGroup = 9A476EB125B81A40004C9B3F;
			productRefGroup = 9A476EBB25B81A40004C9B3F /* Products */;
			projectDirPath = "";
			projectRoot = "";
			targets = (
				9A476EB925B81A40004C9B3F /* ViewDemos */,
				9A476ED425B81A57004C9B3F /* ViewDemosTests */,
				9A476EDF25B81A57004C9B3F /* ViewDemosUITests */,
			);
		};
/* End PBXProject section */

/* Begin PBXResourcesBuildPhase section */
		9A476EB825B81A40004C9B3F /* Resources */ = {
			isa = PBXResourcesBuildPhase;
			buildActionMask = 2147483647;
			files = (
				9A476F0625B82050004C9B3F /* cities.json in Resources */,
				9A476F0725B82050004C9B3F /* professions.json in Resources */,
				9A476ECD25B81A56004C9B3F /* LaunchScreen.storyboard in Resources */,
				9A476F0825B82050004C9B3F /* universities.json in Resources */,
				9A476ECA25B81A56004C9B3F /* Assets.xcassets in Resources */,
				9A476EC825B81A40004C9B3F /* Main.storyboard in Resources */,
			);
			runOnlyForDeploymentPostprocessing = 0;
		};
		9A476ED325B81A57004C9B3F /* Resources */ = {
			isa = PBXResourcesBuildPhase;
			buildActionMask = 2147483647;
			files = (
			);
			runOnlyForDeploymentPostprocessing = 0;
		};
		9A476EDE25B81A57004C9B3F /* Resources */ = {
			isa = PBXResourcesBuildPhase;
			buildActionMask = 2147483647;
			files = (
			);
			runOnlyForDeploymentPostprocessing = 0;
		};
/* End PBXResourcesBuildPhase section */

/* Begin PBXShellScriptBuildPhase section */
		235DFA54A21ED6AC6FA2166A /* [CP] Check Pods Manifest.lock */ = {
			isa = PBXShellScriptBuildPhase;
			buildActionMask = 2147483647;
			files = (
			);
			inputFileListPaths = (
			);
			inputPaths = (
				"${PODS_PODFILE_DIR_PATH}/Podfile.lock",
				"${PODS_ROOT}/Manifest.lock",
			);
			name = "[CP] Check Pods Manifest.lock";
			outputFileListPaths = (
			);
			outputPaths = (
				"$(DERIVED_FILE_DIR)/Pods-ViewDemosTests-checkManifestLockResult.txt",
			);
			runOnlyForDeploymentPostprocessing = 0;
			shellPath = /bin/sh;
			shellScript = "diff \"${PODS_PODFILE_DIR_PATH}/Podfile.lock\" \"${PODS_ROOT}/Manifest.lock\" > /dev/null\nif [ $? != 0 ] ; then\n    # print error to STDERR\n    echo \"error: The sandbox is not in sync with the Podfile.lock. Run 'pod install' or update your CocoaPods installation.\" >&2\n    exit 1\nfi\n# This output is used by Xcode 'outputs' to avoid re-running this script phase.\necho \"SUCCESS\" > \"${SCRIPT_OUTPUT_FILE_0}\"\n";
			showEnvVarsInLog = 0;
		};
		327B16E59780154644E7759B /* [CP] Check Pods Manifest.lock */ = {
			isa = PBXShellScriptBuildPhase;
			buildActionMask = 2147483647;
			files = (
			);
			inputFileListPaths = (
			);
			inputPaths = (
				"${PODS_PODFILE_DIR_PATH}/Podfile.lock",
				"${PODS_ROOT}/Manifest.lock",
			);
			name = "[CP] Check Pods Manifest.lock";
			outputFileListPaths = (
			);
			outputPaths = (
				"$(DERIVED_FILE_DIR)/Pods-ViewDemos-ViewDemosUITests-checkManifestLockResult.txt",
			);
			runOnlyForDeploymentPostprocessing = 0;
			shellPath = /bin/sh;
			shellScript = "diff \"${PODS_PODFILE_DIR_PATH}/Podfile.lock\" \"${PODS_ROOT}/Manifest.lock\" > /dev/null\nif [ $? != 0 ] ; then\n    # print error to STDERR\n    echo \"error: The sandbox is not in sync with the Podfile.lock. Run 'pod install' or update your CocoaPods installation.\" >&2\n    exit 1\nfi\n# This output is used by Xcode 'outputs' to avoid re-running this script phase.\necho \"SUCCESS\" > \"${SCRIPT_OUTPUT_FILE_0}\"\n";
			showEnvVarsInLog = 0;
		};
		333E1189667490A6A9AB946B /* [CP] Check Pods Manifest.lock */ = {
			isa = PBXShellScriptBuildPhase;
			buildActionMask = 2147483647;
			files = (
			);
			inputFileListPaths = (
			);
			inputPaths = (
				"${PODS_PODFILE_DIR_PATH}/Podfile.lock",
				"${PODS_ROOT}/Manifest.lock",
			);
			name = "[CP] Check Pods Manifest.lock";
			outputFileListPaths = (
			);
			outputPaths = (
				"$(DERIVED_FILE_DIR)/Pods-ViewDemos-checkManifestLockResult.txt",
			);
			runOnlyForDeploymentPostprocessing = 0;
			shellPath = /bin/sh;
			shellScript = "diff \"${PODS_PODFILE_DIR_PATH}/Podfile.lock\" \"${PODS_ROOT}/Manifest.lock\" > /dev/null\nif [ $? != 0 ] ; then\n    # print error to STDERR\n    echo \"error: The sandbox is not in sync with the Podfile.lock. Run 'pod install' or update your CocoaPods installation.\" >&2\n    exit 1\nfi\n# This output is used by Xcode 'outputs' to avoid re-running this script phase.\necho \"SUCCESS\" > \"${SCRIPT_OUTPUT_FILE_0}\"\n";
			showEnvVarsInLog = 0;
		};
		8CE704AF976F2B224481005F /* [CP] Embed Pods Frameworks */ = {
			isa = PBXShellScriptBuildPhase;
			buildActionMask = 2147483647;
			files = (
			);
			inputFileListPaths = (
				"${PODS_ROOT}/Target Support Files/Pods-ViewDemos-ViewDemosUITests/Pods-ViewDemos-ViewDemosUITests-frameworks-${CONFIGURATION}-input-files.xcfilelist",
			);
			name = "[CP] Embed Pods Frameworks";
			outputFileListPaths = (
				"${PODS_ROOT}/Target Support Files/Pods-ViewDemos-ViewDemosUITests/Pods-ViewDemos-ViewDemosUITests-frameworks-${CONFIGURATION}-output-files.xcfilelist",
			);
			runOnlyForDeploymentPostprocessing = 0;
			shellPath = /bin/sh;
			shellScript = "\"${PODS_ROOT}/Target Support Files/Pods-ViewDemos-ViewDemosUITests/Pods-ViewDemos-ViewDemosUITests-frameworks.sh\"\n";
			showEnvVarsInLog = 0;
		};
		F1D7CC86A52227D986616370 /* [CP] Embed Pods Frameworks */ = {
			isa = PBXShellScriptBuildPhase;
			buildActionMask = 2147483647;
			files = (
			);
			inputFileListPaths = (
				"${PODS_ROOT}/Target Support Files/Pods-ViewDemos/Pods-ViewDemos-frameworks-${CONFIGURATION}-input-files.xcfilelist",
			);
			name = "[CP] Embed Pods Frameworks";
			outputFileListPaths = (
				"${PODS_ROOT}/Target Support Files/Pods-ViewDemos/Pods-ViewDemos-frameworks-${CONFIGURATION}-output-files.xcfilelist",
			);
			runOnlyForDeploymentPostprocessing = 0;
			shellPath = /bin/sh;
			shellScript = "\"${PODS_ROOT}/Target Support Files/Pods-ViewDemos/Pods-ViewDemos-frameworks.sh\"\n";
			showEnvVarsInLog = 0;
		};
/* End PBXShellScriptBuildPhase section */

/* Begin PBXSourcesBuildPhase section */
		9A476EB625B81A40004C9B3F /* Sources */ = {
			isa = PBXSourcesBuildPhase;
			buildActionMask = 2147483647;
			files = (
				9A5A442B25BAAB3D002FCC08 /* KXHomeNewComerGiftsView.m in Sources */,
				9A476F3C25B82C5D004C9B3F /* DFProfBaseModel.m in Sources */,
				9A476F1E25B829F3004C9B3F /* UIScreen+EasyMethods.m in Sources */,
				9A5A441525BAA8F8002FCC08 /* NSArray+EasyMethods.m in Sources */,
				9A476EC525B81A40004C9B3F /* ViewController.m in Sources */,
				9A1F7F1125B9668C0038146E /* CGExtensions.h in Sources */,
				9A5A441625BAA8F8002FCC08 /* UIView+ViewSnap.m in Sources */,
				9A5A440925BAA867002FCC08 /* KXWgGameResultView.m in Sources */,
				9A476EBF25B81A40004C9B3F /* AppDelegate.m in Sources */,
				9A476ED025B81A56004C9B3F /* main.m in Sources */,
				9A476EF725B81C06004C9B3F /* SYUserInfoEditPopView.m in Sources */,
				9A5A440825BAA867002FCC08 /* KXWgGameResultShareView.m in Sources */,
				9A476F4825B82CFB004C9B3F /* DFUniversityBaseModel.m in Sources */,
				9A476F3D25B82C5D004C9B3F /* DFProfModel.m in Sources */,
				9A476F2E25B82BD8004C9B3F /* DFCityBaseModel.m in Sources */,
				9A9C7DA025BB0703004780F7 /* UserInfoPersonalTagsViewCtrl.m in Sources */,
				9A5A43FA25BA7FBF002FCC08 /* UIView+EasyMethods.m in Sources */,
				9A5A440025BAA6E1002FCC08 /* SYUserInfoSelectPopView.m in Sources */,
				9A1F7F2C25B96BE00038146E /* SYPopSearchView.m in Sources */,
				9A9C7D7E25BAC344004780F7 /* SYUserInfoBasePopView.m in Sources */,
				9A1F7F1625B966C70038146E /* SMMCategories.h in Sources */,
				9A476F2F25B82BD8004C9B3F /* DFCityCityModel.m in Sources */,
				9A476EC225B81A40004C9B3F /* SceneDelegate.m in Sources */,
				9A5A442525BAAB1C002FCC08 /* KXHomeRecommendedView.m in Sources */,
				9A476F2425B82A3D004C9B3F /* UIColor+EasyMethods.m in Sources */,
				9A476F1425B829C3004C9B3F /* SYLocalJSONManager.m in Sources */,
			);
			runOnlyForDeploymentPostprocessing = 0;
		};
		9A476ED125B81A57004C9B3F /* Sources */ = {
			isa = PBXSourcesBuildPhase;
			buildActionMask = 2147483647;
			files = (
				9A476EDA25B81A57004C9B3F /* ViewDemosTests.m in Sources */,
			);
			runOnlyForDeploymentPostprocessing = 0;
		};
		9A476EDC25B81A57004C9B3F /* Sources */ = {
			isa = PBXSourcesBuildPhase;
			buildActionMask = 2147483647;
			files = (
				9A476EE525B81A57004C9B3F /* ViewDemosUITests.m in Sources */,
			);
			runOnlyForDeploymentPostprocessing = 0;
		};
/* End PBXSourcesBuildPhase section */

/* Begin PBXTargetDependency section */
		9A476ED725B81A57004C9B3F /* PBXTargetDependency */ = {
			isa = PBXTargetDependency;
			target = 9A476EB925B81A40004C9B3F /* ViewDemos */;
			targetProxy = 9A476ED625B81A57004C9B3F /* PBXContainerItemProxy */;
		};
		9A476EE225B81A57004C9B3F /* PBXTargetDependency */ = {
			isa = PBXTargetDependency;
			target = 9A476EB925B81A40004C9B3F /* ViewDemos */;
			targetProxy = 9A476EE125B81A57004C9B3F /* PBXContainerItemProxy */;
		};
/* End PBXTargetDependency section */

/* Begin PBXVariantGroup section */
		9A476EC625B81A40004C9B3F /* Main.storyboard */ = {
			isa = PBXVariantGroup;
			children = (
				9A476EC725B81A40004C9B3F /* Base */,
			);
			name = Main.storyboard;
			sourceTree = "<group>";
		};
		9A476ECB25B81A56004C9B3F /* LaunchScreen.storyboard */ = {
			isa = PBXVariantGroup;
			children = (
				9A476ECC25B81A56004C9B3F /* Base */,
			);
			name = LaunchScreen.storyboard;
			sourceTree = "<group>";
		};
/* End PBXVariantGroup section */

/* Begin XCBuildConfiguration section */
		9A476EE725B81A57004C9B3F /* Debug */ = {
			isa = XCBuildConfiguration;
			buildSettings = {
				ALWAYS_SEARCH_USER_PATHS = NO;
				CLANG_ANALYZER_NONNULL = YES;
				CLANG_ANALYZER_NUMBER_OBJECT_CONVERSION = YES_AGGRESSIVE;
				CLANG_CXX_LANGUAGE_STANDARD = "gnu++14";
				CLANG_CXX_LIBRARY = "libc++";
				CLANG_ENABLE_MODULES = YES;
				CLANG_ENABLE_OBJC_ARC = YES;
				CLANG_ENABLE_OBJC_WEAK = YES;
				CLANG_WARN_BLOCK_CAPTURE_AUTORELEASING = YES;
				CLANG_WARN_BOOL_CONVERSION = YES;
				CLANG_WARN_COMMA = YES;
				CLANG_WARN_CONSTANT_CONVERSION = YES;
				CLANG_WARN_DEPRECATED_OBJC_IMPLEMENTATIONS = YES;
				CLANG_WARN_DIRECT_OBJC_ISA_USAGE = YES_ERROR;
				CLANG_WARN_DOCUMENTATION_COMMENTS = YES;
				CLANG_WARN_EMPTY_BODY = YES;
				CLANG_WARN_ENUM_CONVERSION = YES;
				CLANG_WARN_INFINITE_RECURSION = YES;
				CLANG_WARN_INT_CONVERSION = YES;
				CLANG_WARN_NON_LITERAL_NULL_CONVERSION = YES;
				CLANG_WARN_OBJC_IMPLICIT_RETAIN_SELF = YES;
				CLANG_WARN_OBJC_LITERAL_CONVERSION = YES;
				CLANG_WARN_OBJC_ROOT_CLASS = YES_ERROR;
				CLANG_WARN_QUOTED_INCLUDE_IN_FRAMEWORK_HEADER = YES;
				CLANG_WARN_RANGE_LOOP_ANALYSIS = YES;
				CLANG_WARN_STRICT_PROTOTYPES = YES;
				CLANG_WARN_SUSPICIOUS_MOVE = YES;
				CLANG_WARN_UNGUARDED_AVAILABILITY = YES_AGGRESSIVE;
				CLANG_WARN_UNREACHABLE_CODE = YES;
				CLANG_WARN__DUPLICATE_METHOD_MATCH = YES;
				COPY_PHASE_STRIP = NO;
				DEBUG_INFORMATION_FORMAT = dwarf;
				ENABLE_STRICT_OBJC_MSGSEND = YES;
				ENABLE_TESTABILITY = YES;
				GCC_C_LANGUAGE_STANDARD = gnu11;
				GCC_DYNAMIC_NO_PIC = NO;
				GCC_NO_COMMON_BLOCKS = YES;
				GCC_OPTIMIZATION_LEVEL = 0;
				GCC_PREPROCESSOR_DEFINITIONS = (
					"DEBUG=1",
					"$(inherited)",
				);
				GCC_WARN_64_TO_32_BIT_CONVERSION = YES;
				GCC_WARN_ABOUT_RETURN_TYPE = YES_ERROR;
				GCC_WARN_UNDECLARED_SELECTOR = YES;
				GCC_WARN_UNINITIALIZED_AUTOS = YES_AGGRESSIVE;
				GCC_WARN_UNUSED_FUNCTION = YES;
				GCC_WARN_UNUSED_VARIABLE = YES;
				IPHONEOS_DEPLOYMENT_TARGET = 13.0;
				MTL_ENABLE_DEBUG_INFO = INCLUDE_SOURCE;
				MTL_FAST_MATH = YES;
				ONLY_ACTIVE_ARCH = YES;
				SDKROOT = iphoneos;
			};
			name = Debug;
		};
		9A476EE825B81A57004C9B3F /* Release */ = {
			isa = XCBuildConfiguration;
			buildSettings = {
				ALWAYS_SEARCH_USER_PATHS = NO;
				CLANG_ANALYZER_NONNULL = YES;
				CLANG_ANALYZER_NUMBER_OBJECT_CONVERSION = YES_AGGRESSIVE;
				CLANG_CXX_LANGUAGE_STANDARD = "gnu++14";
				CLANG_CXX_LIBRARY = "libc++";
				CLANG_ENABLE_MODULES = YES;
				CLANG_ENABLE_OBJC_ARC = YES;
				CLANG_ENABLE_OBJC_WEAK = YES;
				CLANG_WARN_BLOCK_CAPTURE_AUTORELEASING = YES;
				CLANG_WARN_BOOL_CONVERSION = YES;
				CLANG_WARN_COMMA = YES;
				CLANG_WARN_CONSTANT_CONVERSION = YES;
				CLANG_WARN_DEPRECATED_OBJC_IMPLEMENTATIONS = YES;
				CLANG_WARN_DIRECT_OBJC_ISA_USAGE = YES_ERROR;
				CLANG_WARN_DOCUMENTATION_COMMENTS = YES;
				CLANG_WARN_EMPTY_BODY = YES;
				CLANG_WARN_ENUM_CONVERSION = YES;
				CLANG_WARN_INFINITE_RECURSION = YES;
				CLANG_WARN_INT_CONVERSION = YES;
				CLANG_WARN_NON_LITERAL_NULL_CONVERSION = YES;
				CLANG_WARN_OBJC_IMPLICIT_RETAIN_SELF = YES;
				CLANG_WARN_OBJC_LITERAL_CONVERSION = YES;
				CLANG_WARN_OBJC_ROOT_CLASS = YES_ERROR;
				CLANG_WARN_QUOTED_INCLUDE_IN_FRAMEWORK_HEADER = YES;
				CLANG_WARN_RANGE_LOOP_ANALYSIS = YES;
				CLANG_WARN_STRICT_PROTOTYPES = YES;
				CLANG_WARN_SUSPICIOUS_MOVE = YES;
				CLANG_WARN_UNGUARDED_AVAILABILITY = YES_AGGRESSIVE;
				CLANG_WARN_UNREACHABLE_CODE = YES;
				CLANG_WARN__DUPLICATE_METHOD_MATCH = YES;
				COPY_PHASE_STRIP = NO;
				DEBUG_INFORMATION_FORMAT = "dwarf-with-dsym";
				ENABLE_NS_ASSERTIONS = NO;
				ENABLE_STRICT_OBJC_MSGSEND = YES;
				GCC_C_LANGUAGE_STANDARD = gnu11;
				GCC_NO_COMMON_BLOCKS = YES;
				GCC_WARN_64_TO_32_BIT_CONVERSION = YES;
				GCC_WARN_ABOUT_RETURN_TYPE = YES_ERROR;
				GCC_WARN_UNDECLARED_SELECTOR = YES;
				GCC_WARN_UNINITIALIZED_AUTOS = YES_AGGRESSIVE;
				GCC_WARN_UNUSED_FUNCTION = YES;
				GCC_WARN_UNUSED_VARIABLE = YES;
				IPHONEOS_DEPLOYMENT_TARGET = 13.0;
				MTL_ENABLE_DEBUG_INFO = NO;
				MTL_FAST_MATH = YES;
				SDKROOT = iphoneos;
				VALIDATE_PRODUCT = YES;
			};
			name = Release;
		};
		9A476EEA25B81A57004C9B3F /* Debug */ = {
			isa = XCBuildConfiguration;
			baseConfigurationReference = A93DE68ED4848BEEA6927952 /* Pods-ViewDemos.debug.xcconfig */;
			buildSettings = {
				ASSETCATALOG_COMPILER_APPICON_NAME = AppIcon;
				ASSETCATALOG_COMPILER_GLOBAL_ACCENT_COLOR_NAME = AccentColor;
				CODE_SIGN_STYLE = Automatic;
				DEVELOPMENT_TEAM = F33S86R37C;
				INFOPLIST_FILE = ViewDemos/Info.plist;
				LD_RUNPATH_SEARCH_PATHS = (
					"$(inherited)",
					"@executable_path/Frameworks",
				);
				PRODUCT_BUNDLE_IDENTIFIER = com.samike.ViewDemos;
				PRODUCT_NAME = "$(TARGET_NAME)";
				TARGETED_DEVICE_FAMILY = "1,2";
			};
			name = Debug;
		};
		9A476EEB25B81A57004C9B3F /* Release */ = {
			isa = XCBuildConfiguration;
			baseConfigurationReference = 9685AD8916F7D416B6D784A2 /* Pods-ViewDemos.release.xcconfig */;
			buildSettings = {
				ASSETCATALOG_COMPILER_APPICON_NAME = AppIcon;
				ASSETCATALOG_COMPILER_GLOBAL_ACCENT_COLOR_NAME = AccentColor;
				CODE_SIGN_STYLE = Automatic;
				DEVELOPMENT_TEAM = F33S86R37C;
				INFOPLIST_FILE = ViewDemos/Info.plist;
				LD_RUNPATH_SEARCH_PATHS = (
					"$(inherited)",
					"@executable_path/Frameworks",
				);
				PRODUCT_BUNDLE_IDENTIFIER = com.samike.ViewDemos;
				PRODUCT_NAME = "$(TARGET_NAME)";
				TARGETED_DEVICE_FAMILY = "1,2";
			};
			name = Release;
		};
		9A476EED25B81A57004C9B3F /* Debug */ = {
			isa = XCBuildConfiguration;
			baseConfigurationReference = 2A1A08CABF42F36C6B215412 /* Pods-ViewDemosTests.debug.xcconfig */;
			buildSettings = {
				BUNDLE_LOADER = "$(TEST_HOST)";
				CODE_SIGN_STYLE = Automatic;
				DEVELOPMENT_TEAM = F33S86R37C;
				INFOPLIST_FILE = ViewDemosTests/Info.plist;
				IPHONEOS_DEPLOYMENT_TARGET = 14.3;
				LD_RUNPATH_SEARCH_PATHS = (
					"$(inherited)",
					"@executable_path/Frameworks",
					"@loader_path/Frameworks",
				);
				PRODUCT_BUNDLE_IDENTIFIER = com.samike.ViewDemosTests;
				PRODUCT_NAME = "$(TARGET_NAME)";
				TARGETED_DEVICE_FAMILY = "1,2";
				TEST_HOST = "$(BUILT_PRODUCTS_DIR)/ViewDemos.app/ViewDemos";
			};
			name = Debug;
		};
		9A476EEE25B81A57004C9B3F /* Release */ = {
			isa = XCBuildConfiguration;
			baseConfigurationReference = D2C87AA8A387A3FD315A91A2 /* Pods-ViewDemosTests.release.xcconfig */;
			buildSettings = {
				BUNDLE_LOADER = "$(TEST_HOST)";
				CODE_SIGN_STYLE = Automatic;
				DEVELOPMENT_TEAM = F33S86R37C;
				INFOPLIST_FILE = ViewDemosTests/Info.plist;
				IPHONEOS_DEPLOYMENT_TARGET = 14.3;
				LD_RUNPATH_SEARCH_PATHS = (
					"$(inherited)",
					"@executable_path/Frameworks",
					"@loader_path/Frameworks",
				);
				PRODUCT_BUNDLE_IDENTIFIER = com.samike.ViewDemosTests;
				PRODUCT_NAME = "$(TARGET_NAME)";
				TARGETED_DEVICE_FAMILY = "1,2";
				TEST_HOST = "$(BUILT_PRODUCTS_DIR)/ViewDemos.app/ViewDemos";
			};
			name = Release;
		};
		9A476EF025B81A57004C9B3F /* Debug */ = {
			isa = XCBuildConfiguration;
			baseConfigurationReference = 27D8CE791A528952D47D2954 /* Pods-ViewDemos-ViewDemosUITests.debug.xcconfig */;
			buildSettings = {
				CODE_SIGN_STYLE = Automatic;
				DEVELOPMENT_TEAM = F33S86R37C;
				INFOPLIST_FILE = ViewDemosUITests/Info.plist;
				LD_RUNPATH_SEARCH_PATHS = (
					"$(inherited)",
					"@executable_path/Frameworks",
					"@loader_path/Frameworks",
				);
				PRODUCT_BUNDLE_IDENTIFIER = com.samike.ViewDemosUITests;
				PRODUCT_NAME = "$(TARGET_NAME)";
				TARGETED_DEVICE_FAMILY = "1,2";
				TEST_TARGET_NAME = ViewDemos;
			};
			name = Debug;
		};
		9A476EF125B81A57004C9B3F /* Release */ = {
			isa = XCBuildConfiguration;
			baseConfigurationReference = 8E83C6A687CAE9DB7BDBD204 /* Pods-ViewDemos-ViewDemosUITests.release.xcconfig */;
			buildSettings = {
				CODE_SIGN_STYLE = Automatic;
				DEVELOPMENT_TEAM = F33S86R37C;
				INFOPLIST_FILE = ViewDemosUITests/Info.plist;
				LD_RUNPATH_SEARCH_PATHS = (
					"$(inherited)",
					"@executable_path/Frameworks",
					"@loader_path/Frameworks",
				);
				PRODUCT_BUNDLE_IDENTIFIER = com.samike.ViewDemosUITests;
				PRODUCT_NAME = "$(TARGET_NAME)";
				TARGETED_DEVICE_FAMILY = "1,2";
				TEST_TARGET_NAME = ViewDemos;
			};
			name = Release;
		};
/* End XCBuildConfiguration section */

/* Begin XCConfigurationList section */
		9A476EB525B81A40004C9B3F /* Build configuration list for PBXProject "ViewDemos" */ = {
			isa = XCConfigurationList;
			buildConfigurations = (
				9A476EE725B81A57004C9B3F /* Debug */,
				9A476EE825B81A57004C9B3F /* Release */,
			);
			defaultConfigurationIsVisible = 0;
			defaultConfigurationName = Release;
		};
		9A476EE925B81A57004C9B3F /* Build configuration list for PBXNativeTarget "ViewDemos" */ = {
			isa = XCConfigurationList;
			buildConfigurations = (
				9A476EEA25B81A57004C9B3F /* Debug */,
				9A476EEB25B81A57004C9B3F /* Release */,
			);
			defaultConfigurationIsVisible = 0;
			defaultConfigurationName = Release;
		};
		9A476EEC25B81A57004C9B3F /* Build configuration list for PBXNativeTarget "ViewDemosTests" */ = {
			isa = XCConfigurationList;
			buildConfigurations = (
				9A476EED25B81A57004C9B3F /* Debug */,
				9A476EEE25B81A57004C9B3F /* Release */,
			);
			defaultConfigurationIsVisible = 0;
			defaultConfigurationName = Release;
		};
		9A476EEF25B81A57004C9B3F /* Build configuration list for PBXNativeTarget "ViewDemosUITests" */ = {
			isa = XCConfigurationList;
			buildConfigurations = (
				9A476EF025B81A57004C9B3F /* Debug */,
				9A476EF125B81A57004C9B3F /* Release */,
			);
			defaultConfigurationIsVisible = 0;
			defaultConfigurationName = Release;
		};
/* End XCConfigurationList section */
	};
	rootObject = 9A476EB225B81A40004C9B3F /* Project object */;
}
